{
  "nodes": {
    "nixpkgs": {
      "locked": {
        "lastModified": 1662019588,
        "narHash": "sha256-oPEjHKGGVbBXqwwL+UjsveJzghWiWV0n9ogo1X6l4cw=",
        "owner": "NixOS",
        "repo": "nixpkgs",
        "rev": "2da64a81275b68fdad38af669afeda43d401e94b",
        "type": "github"
      },
      "original": {
        "owner": "NixOS",
        "ref": "nixos-unstable",
        "repo": "nixpkgs",
        "type": "github"
      }
    },
    "root": {
      "inputs": {
        "nixpkgs": "nixpkgs"
      }
    }
  },
  "root": "root",
  "version": 7
}
